
Microsoft Visual Studio Solution File, Format Version 12.00
# Visual Studio Version 17
VisualStudioVersion = 17.11.35222.181
MinimumVisualStudioVersion = 10.0.40219.1
Project("{9A19103F-16F7-4668-BE54-9A1E7A4F7556}") = "nobstester.Server", "nobstester.Server\nobstester.Server.csproj", "{3507AEB2-B1F4-4DA2-B64E-C479AD33E6D1}"
EndProject
Project("{9A19103F-16F7-4668-BE54-9A1E7A4F7556}") = "nobsTests", "NobsTests\nobsTests.csproj", "{420C9951-960A-4C97-AB99-BE0724FB0563}"
EndProject
Project("{54A90642-561A-4BB1-A94E-469ADEE60C69}") = "nobstester.client", "nobstester.client\nobstester.client.esproj", "{09CEBD24-D4EE-45E9-A9AB-7D399AF1C3DB}"
EndProject
Project("{9A19103F-16F7-4668-BE54-9A1E7A4F7556}") = "nobsViewModels", "nobsViewModels\nobsViewModels.csproj", "{2B852EC2-4C80-48A0-8245-A82DB01A5E24}"
EndProject
Project("{9A19103F-16F7-4668-BE54-9A1E7A4F7556}") = "nobsDAL", "nobsDAL\nobsDAL.csproj", "{193401C2-DA3B-4571-A247-14B2D0E7292F}"
EndProject
Global
	GlobalSection(SolutionConfigurationPlatforms) = preSolution
		Debug|Any CPU = Debug|Any CPU
		Release|Any CPU = Release|Any CPU
	EndGlobalSection
	GlobalSection(ProjectConfigurationPlatforms) = postSolution
		{3507AEB2-B1F4-4DA2-B64E-C479AD33E6D1}.Debug|Any CPU.ActiveCfg = Debug|Any CPU
		{3507AEB2-B1F4-4DA2-B64E-C479AD33E6D1}.Debug|Any CPU.Build.0 = Debug|Any CPU
		{3507AEB2-B1F4-4DA2-B64E-C479AD33E6D1}.Release|Any CPU.ActiveCfg = Release|Any CPU
		{3507AEB2-B1F4-4DA2-B64E-C479AD33E6D1}.Release|Any CPU.Build.0 = Release|Any CPU
		{420C9951-960A-4C97-AB99-BE0724FB0563}.Debug|Any CPU.ActiveCfg = Debug|Any CPU
		{420C9951-960A-4C97-AB99-BE0724FB0563}.Debug|Any CPU.Build.0 = Debug|Any CPU
		{420C9951-960A-4C97-AB99-BE0724FB0563}.Release|Any CPU.ActiveCfg = Release|Any CPU
		{420C9951-960A-4C97-AB99-BE0724FB0563}.Release|Any CPU.Build.0 = Release|Any CPU
		{09CEBD24-D4EE-45E9-A9AB-7D399AF1C3DB}.Debug|Any CPU.ActiveCfg = Debug|Any CPU
		{09CEBD24-D4EE-45E9-A9AB-7D399AF1C3DB}.Debug|Any CPU.Build.0 = Debug|Any CPU
		{09CEBD24-D4EE-45E9-A9AB-7D399AF1C3DB}.Debug|Any CPU.Deploy.0 = Debug|Any CPU
		{09CEBD24-D4EE-45E9-A9AB-7D399AF1C3DB}.Release|Any CPU.ActiveCfg = Release|Any CPU
		{09CEBD24-D4EE-45E9-A9AB-7D399AF1C3DB}.Release|Any CPU.Build.0 = Release|Any CPU
		{09CEBD24-D4EE-45E9-A9AB-7D399AF1C3DB}.Release|Any CPU.Deploy.0 = Release|Any CPU
		{2B852EC2-4C80-48A0-8245-A82DB01A5E24}.Debug|Any CPU.ActiveCfg = Debug|Any CPU
		{2B852EC2-4C80-48A0-8245-A82DB01A5E24}.Debug|Any CPU.Build.0 = Debug|Any CPU
		{2B852EC2-4C80-48A0-8245-A82DB01A5E24}.Release|Any CPU.ActiveCfg = Release|Any CPU
		{2B852EC2-4C80-48A0-8245-A82DB01A5E24}.Release|Any CPU.Build.0 = Release|Any CPU
		{193401C2-DA3B-4571-A247-14B2D0E7292F}.Debug|Any CPU.ActiveCfg = Debug|Any CPU
		{193401C2-DA3B-4571-A247-14B2D0E7292F}.Debug|Any CPU.Build.0 = Debug|Any CPU
		{193401C2-DA3B-4571-A247-14B2D0E7292F}.Release|Any CPU.ActiveCfg = Release|Any CPU
		{193401C2-DA3B-4571-A247-14B2D0E7292F}.Release|Any CPU.Build.0 = Release|Any CPU
	EndGlobalSection
	GlobalSection(SolutionProperties) = preSolution
		HideSolutionNode = FALSE
	EndGlobalSection
	GlobalSection(ExtensibilityGlobals) = postSolution
		SolutionGuid = {A5F220A1-C7E0-4FF0-AC85-74D8EBB35E68}
	EndGlobalSection
EndGlobal
